
Microsoft Visual Studio Solution File, Format Version 12.00
# Visual Studio Version 16
VisualStudioVersion = 16.0.30804.86
MinimumVisualStudioVersion = 10.0.40219.1
Project("{9A19103F-16F7-4668-BE54-9A1E7A4F7556}") = "NrtEnabledProject", "NrtEnabledProject\NrtEnabledProject.csproj", "{FC3BE390-FAA4-459E-8F6A-829EEE0DF210}"
EndProject
Project("{FAE04EC0-301F-11D3-BF4B-00C04F79EFBC}") = "LegacyLibrary", "LegacyLibrary\LegacyLibrary.csproj", "{40E08E26-9737-4751-AA2F-BD46248B0D85}"
EndProject
Global
	GlobalSection(SolutionConfigurationPlatforms) = preSolution
		Debug|Any CPU = Debug|Any CPU
		Release|Any CPU = Release|Any CPU
	EndGlobalSection
	GlobalSection(ProjectConfigurationPlatforms) = postSolution
		{FC3BE390-FAA4-459E-8F6A-829EEE0DF210}.Debug|Any CPU.ActiveCfg = Debug|Any CPU
		{FC3BE390-FAA4-459E-8F6A-829EEE0DF210}.Debug|Any CPU.Build.0 = Debug|Any CPU
		{FC3BE390-FAA4-459E-8F6A-829EEE0DF210}.Release|Any CPU.ActiveCfg = Release|Any CPU
		{FC3BE390-FAA4-459E-8F6A-829EEE0DF210}.Release|Any CPU.Build.0 = Release|Any CPU
		{40E08E26-9737-4751-AA2F-BD46248B0D85}.Debug|Any CPU.ActiveCfg = Debug|Any CPU
		{40E08E26-9737-4751-AA2F-BD46248B0D85}.Debug|Any CPU.Build.0 = Debug|Any CPU
		{40E08E26-9737-4751-AA2F-BD46248B0D85}.Release|Any CPU.ActiveCfg = Release|Any CPU
		{40E08E26-9737-4751-AA2F-BD46248B0D85}.Release|Any CPU.Build.0 = Release|Any CPU
	EndGlobalSection
	GlobalSection(SolutionProperties) = preSolution
		HideSolutionNode = FALSE
	EndGlobalSection
	GlobalSection(ExtensibilityGlobals) = postSolution
		SolutionGuid = {011C9589-4ED4-46B5-8813-3FF23EC18BEC}
	EndGlobalSection
EndGlobal
